
Microsoft Visual Studio Solution File, Format Version 12.00
# Visual Studio Version 16
VisualStudioVersion = 16.0.30320.27
MinimumVisualStudioVersion = 10.0.40219.1
Project("{FAE04EC0-301F-11D3-BF4B-00C04F79EFBC}") = "Final14", "Final14\Final14.csproj", "{BC6209D1-2454-44D4-A849-4C35E6789CB2}"
EndProject
Global
	GlobalSection(SolutionConfigurationPlatforms) = preSolution
		Debug|Any CPU = Debug|Any CPU
		Release|Any CPU = Release|Any CPU
	EndGlobalSection
	GlobalSection(ProjectConfigurationPlatforms) = postSolution
		{BC6209D1-2454-44D4-A849-4C35E6789CB2}.Debug|Any CPU.ActiveCfg = Debug|Any CPU
		{BC6209D1-2454-44D4-A849-4C35E6789CB2}.Debug|Any CPU.Build.0 = Debug|Any CPU
		{BC6209D1-2454-44D4-A849-4C35E6789CB2}.Release|Any CPU.ActiveCfg = Release|Any CPU
		{BC6209D1-2454-44D4-A849-4C35E6789CB2}.Release|Any CPU.Build.0 = Release|Any CPU
	EndGlobalSection
	GlobalSection(SolutionProperties) = preSolution
		HideSolutionNode = FALSE
	EndGlobalSection
	GlobalSection(ExtensibilityGlobals) = postSolution
		SolutionGuid = {BAF28D05-E8B8-42DD-A6EB-FFD0869DE7AF}
	EndGlobalSection
EndGlobal
